
Microsoft Visual Studio Solution File, Format Version 12.00
# Visual Studio 14
VisualStudioVersion = 14.0.25420.1
MinimumVisualStudioVersion = 10.0.40219.1
Project("{FAE04EC0-301F-11D3-BF4B-00C04F79EFBC}") = "QLBanHang", "QLBanHang\QLBanHang.csproj", "{16F01E58-A9E6-4F1B-BF3F-EF6FA8862659}"
EndProject
Global
	GlobalSection(SolutionConfigurationPlatforms) = preSolution
		Debug|Any CPU = Debug|Any CPU
		Release|Any CPU = Release|Any CPU
	EndGlobalSection
	GlobalSection(ProjectConfigurationPlatforms) = postSolution
		{16F01E58-A9E6-4F1B-BF3F-EF6FA8862659}.Debug|Any CPU.ActiveCfg = Debug|Any CPU
		{16F01E58-A9E6-4F1B-BF3F-EF6FA8862659}.Debug|Any CPU.Build.0 = Debug|Any CPU
		{16F01E58-A9E6-4F1B-BF3F-EF6FA8862659}.Release|Any CPU.ActiveCfg = Release|Any CPU
		{16F01E58-A9E6-4F1B-BF3F-EF6FA8862659}.Release|Any CPU.Build.0 = Release|Any CPU
	EndGlobalSection
	GlobalSection(SolutionProperties) = preSolution
		HideSolutionNode = FALSE
	EndGlobalSection
EndGlobal
